
Microsoft Visual Studio Solution File, Format Version 12.00
# Visual Studio Version 17
VisualStudioVersion = 17.9.34714.143
MinimumVisualStudioVersion = 10.0.40219.1
Project("{FAE04EC0-301F-11D3-BF4B-00C04F79EFBC}") = "Mission10", "Mission10.csproj", "{DA678704-00CE-498B-8C8C-CDE8828F4781}"
EndProject
Global
	GlobalSection(SolutionConfigurationPlatforms) = preSolution
		Debug|Any CPU = Debug|Any CPU
		Release|Any CPU = Release|Any CPU
	EndGlobalSection
	GlobalSection(ProjectConfigurationPlatforms) = postSolution
		{DA678704-00CE-498B-8C8C-CDE8828F4781}.Debug|Any CPU.ActiveCfg = Debug|Any CPU
		{DA678704-00CE-498B-8C8C-CDE8828F4781}.Debug|Any CPU.Build.0 = Debug|Any CPU
		{DA678704-00CE-498B-8C8C-CDE8828F4781}.Release|Any CPU.ActiveCfg = Release|Any CPU
		{DA678704-00CE-498B-8C8C-CDE8828F4781}.Release|Any CPU.Build.0 = Release|Any CPU
	EndGlobalSection
	GlobalSection(SolutionProperties) = preSolution
		HideSolutionNode = FALSE
	EndGlobalSection
	GlobalSection(ExtensibilityGlobals) = postSolution
		SolutionGuid = {5CD4A768-49E7-4BA8-84DD-C2D292F1DCBD}
	EndGlobalSection
EndGlobal
